
Microsoft Visual Studio Solution File, Format Version 12.00
# Visual Studio Version 17
VisualStudioVersion = 17.8.34309.116
MinimumVisualStudioVersion = 10.0.40219.1
Project("{FAE04EC0-301F-11D3-BF4B-00C04F79EFBC}") = "QLD_BE", "QLD_BE\QLD_BE.csproj", "{E39289CA-14DC-4598-965F-9F75DC7D66F9}"
EndProject
Global
	GlobalSection(SolutionConfigurationPlatforms) = preSolution
		Debug|Any CPU = Debug|Any CPU
		Release|Any CPU = Release|Any CPU
	EndGlobalSection
	GlobalSection(ProjectConfigurationPlatforms) = postSolution
		{E39289CA-14DC-4598-965F-9F75DC7D66F9}.Debug|Any CPU.ActiveCfg = Debug|Any CPU
		{E39289CA-14DC-4598-965F-9F75DC7D66F9}.Debug|Any CPU.Build.0 = Debug|Any CPU
		{E39289CA-14DC-4598-965F-9F75DC7D66F9}.Release|Any CPU.ActiveCfg = Release|Any CPU
		{E39289CA-14DC-4598-965F-9F75DC7D66F9}.Release|Any CPU.Build.0 = Release|Any CPU
	EndGlobalSection
	GlobalSection(SolutionProperties) = preSolution
		HideSolutionNode = FALSE
	EndGlobalSection
	GlobalSection(ExtensibilityGlobals) = postSolution
		SolutionGuid = {CBE8F6C8-1E52-48CA-B8C1-129E56283EEC}
	EndGlobalSection
EndGlobal
